
Microsoft Visual Studio Solution File, Format Version 12.00
# Visual Studio Version 16
VisualStudioVersion = 16.0.30011.22
MinimumVisualStudioVersion = 10.0.40219.1
Project("{9A19103F-16F7-4668-BE54-9A1E7A4F7556}") = "ProyectoFinalAp2", "ProyectoFinalAp2\ProyectoFinalAp2.csproj", "{ED054A2A-B2CE-467B-91B5-34BCF16A86C4}"
EndProject
Project("{FAE04EC0-301F-11D3-BF4B-00C04F79EFBC}") = "ProyectoFinalAp2Tests", "ProyectoFinalAp2Tests1\ProyectoFinalAp2Tests.csproj", "{3308E4D3-02F6-494F-ADDC-C6D67824009A}"
EndProject
Global
	GlobalSection(SolutionConfigurationPlatforms) = preSolution
		Debug|Any CPU = Debug|Any CPU
		Release|Any CPU = Release|Any CPU
	EndGlobalSection
	GlobalSection(ProjectConfigurationPlatforms) = postSolution
		{ED054A2A-B2CE-467B-91B5-34BCF16A86C4}.Debug|Any CPU.ActiveCfg = Debug|Any CPU
		{ED054A2A-B2CE-467B-91B5-34BCF16A86C4}.Debug|Any CPU.Build.0 = Debug|Any CPU
		{ED054A2A-B2CE-467B-91B5-34BCF16A86C4}.Release|Any CPU.ActiveCfg = Release|Any CPU
		{ED054A2A-B2CE-467B-91B5-34BCF16A86C4}.Release|Any CPU.Build.0 = Release|Any CPU
		{3308E4D3-02F6-494F-ADDC-C6D67824009A}.Debug|Any CPU.ActiveCfg = Debug|Any CPU
		{3308E4D3-02F6-494F-ADDC-C6D67824009A}.Debug|Any CPU.Build.0 = Debug|Any CPU
		{3308E4D3-02F6-494F-ADDC-C6D67824009A}.Release|Any CPU.ActiveCfg = Release|Any CPU
		{3308E4D3-02F6-494F-ADDC-C6D67824009A}.Release|Any CPU.Build.0 = Release|Any CPU
	EndGlobalSection
	GlobalSection(SolutionProperties) = preSolution
		HideSolutionNode = FALSE
	EndGlobalSection
	GlobalSection(ExtensibilityGlobals) = postSolution
		SolutionGuid = {DB80162F-F385-4557-921E-A21E65B593B3}
	EndGlobalSection
EndGlobal
